// !$*UTF8*$!
{
	archiveVersion = 1;
	classes = {
	};
	objectVersion = 46;
	objects = {

/* Begin PBXBuildFile section */
		A335CC881E8FD937000743C1 /* StyleExtensions.swift in Sources */ = {isa = PBXBuildFile; fileRef = A335CC871E8FD937000743C1 /* StyleExtensions.swift */; };
		A335CC9E1E8FE074000743C1 /* Apache License.txt in Resources */ = {isa = PBXBuildFile; fileRef = A335CC8B1E8FE074000743C1 /* Apache License.txt */; };
		A335CC9F1E8FE074000743C1 /* Roboto-Black.ttf in Resources */ = {isa = PBXBuildFile; fileRef = A335CC8C1E8FE074000743C1 /* Roboto-Black.ttf */; };
		A335CCA01E8FE074000743C1 /* Roboto-BlackItalic.ttf in Resources */ = {isa = PBXBuildFile; fileRef = A335CC8D1E8FE074000743C1 /* Roboto-BlackItalic.ttf */; };
		A335CCA11E8FE074000743C1 /* Roboto-Bold.ttf in Resources */ = {isa = PBXBuildFile; fileRef = A335CC8E1E8FE074000743C1 /* Roboto-Bold.ttf */; };
		A335CCA21E8FE074000743C1 /* Roboto-BoldItalic.ttf in Resources */ = {isa = PBXBuildFile; fileRef = A335CC8F1E8FE074000743C1 /* Roboto-BoldItalic.ttf */; };
		A335CCA31E8FE074000743C1 /* Roboto-Italic.ttf in Resources */ = {isa = PBXBuildFile; fileRef = A335CC901E8FE074000743C1 /* Roboto-Italic.ttf */; };
		A335CCA41E8FE074000743C1 /* Roboto-Light.ttf in Resources */ = {isa = PBXBuildFile; fileRef = A335CC911E8FE074000743C1 /* Roboto-Light.ttf */; };
		A335CCA51E8FE074000743C1 /* Roboto-LightItalic.ttf in Resources */ = {isa = PBXBuildFile; fileRef = A335CC921E8FE074000743C1 /* Roboto-LightItalic.ttf */; };
		A335CCA61E8FE074000743C1 /* Roboto-Medium.ttf in Resources */ = {isa = PBXBuildFile; fileRef = A335CC931E8FE074000743C1 /* Roboto-Medium.ttf */; };
		A335CCA71E8FE074000743C1 /* Roboto-MediumItalic.ttf in Resources */ = {isa = PBXBuildFile; fileRef = A335CC941E8FE074000743C1 /* Roboto-MediumItalic.ttf */; };
		A335CCA81E8FE074000743C1 /* Roboto-Regular.ttf in Resources */ = {isa = PBXBuildFile; fileRef = A335CC951E8FE074000743C1 /* Roboto-Regular.ttf */; };
		A335CCA91E8FE074000743C1 /* Roboto-Thin.ttf in Resources */ = {isa = PBXBuildFile; fileRef = A335CC961E8FE074000743C1 /* Roboto-Thin.ttf */; };
		A335CCAA1E8FE074000743C1 /* Roboto-ThinItalic.ttf in Resources */ = {isa = PBXBuildFile; fileRef = A335CC971E8FE074000743C1 /* Roboto-ThinItalic.ttf */; };
		A335CCAB1E8FE074000743C1 /* RobotoCondensed-Bold.ttf in Resources */ = {isa = PBXBuildFile; fileRef = A335CC981E8FE074000743C1 /* RobotoCondensed-Bold.ttf */; };
		A335CCAC1E8FE074000743C1 /* RobotoCondensed-BoldItalic.ttf in Resources */ = {isa = PBXBuildFile; fileRef = A335CC991E8FE074000743C1 /* RobotoCondensed-BoldItalic.ttf */; };
		A335CCAD1E8FE074000743C1 /* RobotoCondensed-Italic.ttf in Resources */ = {isa = PBXBuildFile; fileRef = A335CC9A1E8FE074000743C1 /* RobotoCondensed-Italic.ttf */; };
		A335CCAE1E8FE074000743C1 /* RobotoCondensed-Light.ttf in Resources */ = {isa = PBXBuildFile; fileRef = A335CC9B1E8FE074000743C1 /* RobotoCondensed-Light.ttf */; };
		A335CCAF1E8FE074000743C1 /* RobotoCondensed-LightItalic.ttf in Resources */ = {isa = PBXBuildFile; fileRef = A335CC9C1E8FE074000743C1 /* RobotoCondensed-LightItalic.ttf */; };
		A335CCB01E8FE074000743C1 /* RobotoCondensed-Regular.ttf in Resources */ = {isa = PBXBuildFile; fileRef = A335CC9D1E8FE074000743C1 /* RobotoCondensed-Regular.ttf */; };
		A335CCB21E9017DA000743C1 /* SpinnerLoaderView.swift in Sources */ = {isa = PBXBuildFile; fileRef = A335CCB11E9017DA000743C1 /* SpinnerLoaderView.swift */; };
		A335CCB41E901CD3000743C1 /* CircularLoaderView.swift in Sources */ = {isa = PBXBuildFile; fileRef = A335CCB31E901CD3000743C1 /* CircularLoaderView.swift */; };
		A335CCB61E9036B1000743C1 /* ServerTableViewCell.swift in Sources */ = {isa = PBXBuildFile; fileRef = A335CCB51E9036B1000743C1 /* ServerTableViewCell.swift */; };
		A35BACBF1E835D92004B9310 /* Alamofire.framework in Embed Frameworks */ = {isa = PBXBuildFile; fileRef = A35BACBD1E835D92004B9310 /* Alamofire.framework */; settings = {ATTRIBUTES = (CodeSignOnCopy, RemoveHeadersOnCopy, ); }; };
		A35BACC31E835DFA004B9310 /* RNCryptor.framework in Embed Frameworks */ = {isa = PBXBuildFile; fileRef = A35BACC11E835DFA004B9310 /* RNCryptor.framework */; settings = {ATTRIBUTES = (CodeSignOnCopy, RemoveHeadersOnCopy, ); }; };
		A35BACC71E83CBD1004B9310 /* UserModel.swift in Sources */ = {isa = PBXBuildFile; fileRef = A35BACC61E83CBD1004B9310 /* UserModel.swift */; };
		A35BACC91E83E01A004B9310 /* ServerModel.swift in Sources */ = {isa = PBXBuildFile; fileRef = A35BACC81E83E01A004B9310 /* ServerModel.swift */; };
		A36A95501E8412EB00BDE440 /* LoadingViewController.swift in Sources */ = {isa = PBXBuildFile; fileRef = A36A954D1E8412EB00BDE440 /* LoadingViewController.swift */; };
		A36A95511E8412EB00BDE440 /* LoginViewController.swift in Sources */ = {isa = PBXBuildFile; fileRef = A36A954E1E8412EB00BDE440 /* LoginViewController.swift */; };
		A36A95521E8412EB00BDE440 /* ServersViewController.swift in Sources */ = {isa = PBXBuildFile; fileRef = A36A954F1E8412EB00BDE440 /* ServersViewController.swift */; };
		A36A95811E841AF100BDE440 /* iOSPartySession.swift in Sources */ = {isa = PBXBuildFile; fileRef = A36A95801E841AF100BDE440 /* iOSPartySession.swift */; };
		A36A95841E84203E00BDE440 /* LoginToLoadingSegue.swift in Sources */ = {isa = PBXBuildFile; fileRef = A36A95831E84203E00BDE440 /* LoginToLoadingSegue.swift */; };
		A3D8A73A1E80B9B900EDDD04 /* AppDelegate.swift in Sources */ = {isa = PBXBuildFile; fileRef = A3D8A7391E80B9B900EDDD04 /* AppDelegate.swift */; };
		A3D8A73F1E80B9B900EDDD04 /* Main.storyboard in Resources */ = {isa = PBXBuildFile; fileRef = A3D8A73D1E80B9B900EDDD04 /* Main.storyboard */; };
		A3D8A7411E80B9B900EDDD04 /* Assets.xcassets in Resources */ = {isa = PBXBuildFile; fileRef = A3D8A7401E80B9B900EDDD04 /* Assets.xcassets */; };
		A3D8A7441E80B9B900EDDD04 /* LaunchScreen.storyboard in Resources */ = {isa = PBXBuildFile; fileRef = A3D8A7421E80B9B900EDDD04 /* LaunchScreen.storyboard */; };
		A3D8A74F1E80B9BA00EDDD04 /* iOSPartyTests.swift in Sources */ = {isa = PBXBuildFile; fileRef = A3D8A74E1E80B9BA00EDDD04 /* iOSPartyTests.swift */; };
/* End PBXBuildFile section */

/* Begin PBXContainerItemProxy section */
		A3D8A74B1E80B9BA00EDDD04 /* PBXContainerItemProxy */ = {
			isa = PBXContainerItemProxy;
			containerPortal = A3D8A72E1E80B9B900EDDD04 /* Project object */;
			proxyType = 1;
			remoteGlobalIDString = A3D8A7351E80B9B900EDDD04;
			remoteInfo = iOSParty;
		};
/* End PBXContainerItemProxy section */

/* Begin PBXCopyFilesBuildPhase section */
		A35BACC01E835D93004B9310 /* Embed Frameworks */ = {
			isa = PBXCopyFilesBuildPhase;
			buildActionMask = 2147483647;
			dstPath = "";
			dstSubfolderSpec = 10;
			files = (
				A35BACC31E835DFA004B9310 /* RNCryptor.framework in Embed Frameworks */,
				A35BACBF1E835D92004B9310 /* Alamofire.framework in Embed Frameworks */,
			);
			name = "Embed Frameworks";
			runOnlyForDeploymentPostprocessing = 0;
		};
/* End PBXCopyFilesBuildPhase section */

/* Begin PBXFileReference section */
		A335CC871E8FD937000743C1 /* StyleExtensions.swift */ = {isa = PBXFileReference; fileEncoding = 4; lastKnownFileType = sourcecode.swift; path = StyleExtensions.swift; sourceTree = "<group>"; };
		A335CC8B1E8FE074000743C1 /* Apache License.txt */ = {isa = PBXFileReference; fileEncoding = 4; lastKnownFileType = text; path = "Apache License.txt"; sourceTree = "<group>"; };
		A335CC8C1E8FE074000743C1 /* Roboto-Black.ttf */ = {isa = PBXFileReference; lastKnownFileType = file; path = "Roboto-Black.ttf"; sourceTree = "<group>"; };
		A335CC8D1E8FE074000743C1 /* Roboto-BlackItalic.ttf */ = {isa = PBXFileReference; lastKnownFileType = file; path = "Roboto-BlackItalic.ttf"; sourceTree = "<group>"; };
		A335CC8E1E8FE074000743C1 /* Roboto-Bold.ttf */ = {isa = PBXFileReference; lastKnownFileType = file; path = "Roboto-Bold.ttf"; sourceTree = "<group>"; };
		A335CC8F1E8FE074000743C1 /* Roboto-BoldItalic.ttf */ = {isa = PBXFileReference; lastKnownFileType = file; path = "Roboto-BoldItalic.ttf"; sourceTree = "<group>"; };
		A335CC901E8FE074000743C1 /* Roboto-Italic.ttf */ = {isa = PBXFileReference; lastKnownFileType = file; path = "Roboto-Italic.ttf"; sourceTree = "<group>"; };
		A335CC911E8FE074000743C1 /* Roboto-Light.ttf */ = {isa = PBXFileReference; lastKnownFileType = file; path = "Roboto-Light.ttf"; sourceTree = "<group>"; };
		A335CC921E8FE074000743C1 /* Roboto-LightItalic.ttf */ = {isa = PBXFileReference; lastKnownFileType = file; path = "Roboto-LightItalic.ttf"; sourceTree = "<group>"; };
		A335CC931E8FE074000743C1 /* Roboto-Medium.ttf */ = {isa = PBXFileReference; lastKnownFileType = file; path = "Roboto-Medium.ttf"; sourceTree = "<group>"; };
		A335CC941E8FE074000743C1 /* Roboto-MediumItalic.ttf */ = {isa = PBXFileReference; lastKnownFileType = file; path = "Roboto-MediumItalic.ttf"; sourceTree = "<group>"; };
		A335CC951E8FE074000743C1 /* Roboto-Regular.ttf */ = {isa = PBXFileReference; lastKnownFileType = file; path = "Roboto-Regular.ttf"; sourceTree = "<group>"; };
		A335CC961E8FE074000743C1 /* Roboto-Thin.ttf */ = {isa = PBXFileReference; lastKnownFileType = file; path = "Roboto-Thin.ttf"; sourceTree = "<group>"; };
		A335CC971E8FE074000743C1 /* Roboto-ThinItalic.ttf */ = {isa = PBXFileReference; lastKnownFileType = file; path = "Roboto-ThinItalic.ttf"; sourceTree = "<group>"; };
		A335CC981E8FE074000743C1 /* RobotoCondensed-Bold.ttf */ = {isa = PBXFileReference; lastKnownFileType = file; path = "RobotoCondensed-Bold.ttf"; sourceTree = "<group>"; };
		A335CC991E8FE074000743C1 /* RobotoCondensed-BoldItalic.ttf */ = {isa = PBXFileReference; lastKnownFileType = file; path = "RobotoCondensed-BoldItalic.ttf"; sourceTree = "<group>"; };
		A335CC9A1E8FE074000743C1 /* RobotoCondensed-Italic.ttf */ = {isa = PBXFileReference; lastKnownFileType = file; path = "RobotoCondensed-Italic.ttf"; sourceTree = "<group>"; };
		A335CC9B1E8FE074000743C1 /* RobotoCondensed-Light.ttf */ = {isa = PBXFileReference; lastKnownFileType = file; path = "RobotoCondensed-Light.ttf"; sourceTree = "<group>"; };
		A335CC9C1E8FE074000743C1 /* RobotoCondensed-LightItalic.ttf */ = {isa = PBXFileReference; lastKnownFileType = file; path = "RobotoCondensed-LightItalic.ttf"; sourceTree = "<group>"; };
		A335CC9D1E8FE074000743C1 /* RobotoCondensed-Regular.ttf */ = {isa = PBXFileReference; lastKnownFileType = file; path = "RobotoCondensed-Regular.ttf"; sourceTree = "<group>"; };
		A335CCB11E9017DA000743C1 /* SpinnerLoaderView.swift */ = {isa = PBXFileReference; fileEncoding = 4; lastKnownFileType = sourcecode.swift; path = SpinnerLoaderView.swift; sourceTree = "<group>"; };
		A335CCB31E901CD3000743C1 /* CircularLoaderView.swift */ = {isa = PBXFileReference; fileEncoding = 4; lastKnownFileType = sourcecode.swift; path = CircularLoaderView.swift; sourceTree = "<group>"; };
		A335CCB51E9036B1000743C1 /* ServerTableViewCell.swift */ = {isa = PBXFileReference; fileEncoding = 4; lastKnownFileType = sourcecode.swift; path = ServerTableViewCell.swift; sourceTree = "<group>"; };
		A35BACBD1E835D92004B9310 /* Alamofire.framework */ = {isa = PBXFileReference; lastKnownFileType = wrapper.framework; name = Alamofire.framework; path = Carthage/Build/iOS/Alamofire.framework; sourceTree = "<group>"; };
		A35BACC11E835DFA004B9310 /* RNCryptor.framework */ = {isa = PBXFileReference; lastKnownFileType = wrapper.framework; name = RNCryptor.framework; path = Carthage/Build/iOS/RNCryptor.framework; sourceTree = "<group>"; };
		A35BACC61E83CBD1004B9310 /* UserModel.swift */ = {isa = PBXFileReference; fileEncoding = 4; lastKnownFileType = sourcecode.swift; path = UserModel.swift; sourceTree = "<group>"; };
		A35BACC81E83E01A004B9310 /* ServerModel.swift */ = {isa = PBXFileReference; fileEncoding = 4; lastKnownFileType = sourcecode.swift; path = ServerModel.swift; sourceTree = "<group>"; };
		A36A954D1E8412EB00BDE440 /* LoadingViewController.swift */ = {isa = PBXFileReference; fileEncoding = 4; lastKnownFileType = sourcecode.swift; path = LoadingViewController.swift; sourceTree = "<group>"; };
		A36A954E1E8412EB00BDE440 /* LoginViewController.swift */ = {isa = PBXFileReference; fileEncoding = 4; lastKnownFileType = sourcecode.swift; path = LoginViewController.swift; sourceTree = "<group>"; };
		A36A954F1E8412EB00BDE440 /* ServersViewController.swift */ = {isa = PBXFileReference; fileEncoding = 4; lastKnownFileType = sourcecode.swift; path = ServersViewController.swift; sourceTree = "<group>"; };
		A36A95801E841AF100BDE440 /* iOSPartySession.swift */ = {isa = PBXFileReference; fileEncoding = 4; lastKnownFileType = sourcecode.swift; path = iOSPartySession.swift; sourceTree = "<group>"; };
		A36A95831E84203E00BDE440 /* LoginToLoadingSegue.swift */ = {isa = PBXFileReference; fileEncoding = 4; lastKnownFileType = sourcecode.swift; path = LoginToLoadingSegue.swift; sourceTree = "<group>"; };
		A3D8A7361E80B9B900EDDD04 /* iOSParty.app */ = {isa = PBXFileReference; explicitFileType = wrapper.application; includeInIndex = 0; path = iOSParty.app; sourceTree = BUILT_PRODUCTS_DIR; };
		A3D8A7391E80B9B900EDDD04 /* AppDelegate.swift */ = {isa = PBXFileReference; lastKnownFileType = sourcecode.swift; path = AppDelegate.swift; sourceTree = "<group>"; };
		A3D8A73E1E80B9B900EDDD04 /* Base */ = {isa = PBXFileReference; lastKnownFileType = file.storyboard; name = Base; path = Base.lproj/Main.storyboard; sourceTree = "<group>"; };
		A3D8A7401E80B9B900EDDD04 /* Assets.xcassets */ = {isa = PBXFileReference; lastKnownFileType = folder.assetcatalog; path = Assets.xcassets; sourceTree = "<group>"; };
		A3D8A7431E80B9B900EDDD04 /* Base */ = {isa = PBXFileReference; lastKnownFileType = file.storyboard; name = Base; path = Base.lproj/LaunchScreen.storyboard; sourceTree = "<group>"; };
		A3D8A7451E80B9B900EDDD04 /* Info.plist */ = {isa = PBXFileReference; lastKnownFileType = text.plist.xml; path = Info.plist; sourceTree = "<group>"; };
		A3D8A74A1E80B9BA00EDDD04 /* iOSPartyTests.xctest */ = {isa = PBXFileReference; explicitFileType = wrapper.cfbundle; includeInIndex = 0; path = iOSPartyTests.xctest; sourceTree = BUILT_PRODUCTS_DIR; };
		A3D8A74E1E80B9BA00EDDD04 /* iOSPartyTests.swift */ = {isa = PBXFileReference; lastKnownFileType = sourcecode.swift; path = iOSPartyTests.swift; sourceTree = "<group>"; };
		A3D8A7501E80B9BA00EDDD04 /* Info.plist */ = {isa = PBXFileReference; lastKnownFileType = text.plist.xml; path = Info.plist; sourceTree = "<group>"; };
/* End PBXFileReference section */

/* Begin PBXFrameworksBuildPhase section */
		A3D8A7331E80B9B900EDDD04 /* Frameworks */ = {
			isa = PBXFrameworksBuildPhase;
			buildActionMask = 2147483647;
			files = (
			);
			runOnlyForDeploymentPostprocessing = 0;
		};
		A3D8A7471E80B9BA00EDDD04 /* Frameworks */ = {
			isa = PBXFrameworksBuildPhase;
			buildActionMask = 2147483647;
			files = (
			);
			runOnlyForDeploymentPostprocessing = 0;
		};
/* End PBXFrameworksBuildPhase section */

/* Begin PBXGroup section */
		A335CC891E8FE045000743C1 /* Resources */ = {
			isa = PBXGroup;
			children = (
				A335CC8A1E8FE074000743C1 /* roboto */,
			);
			path = Resources;
			sourceTree = "<group>";
		};
		A335CC8A1E8FE074000743C1 /* roboto */ = {
			isa = PBXGroup;
			children = (
				A335CC8B1E8FE074000743C1 /* Apache License.txt */,
				A335CC8C1E8FE074000743C1 /* Roboto-Black.ttf */,
				A335CC8D1E8FE074000743C1 /* Roboto-BlackItalic.ttf */,
				A335CC8E1E8FE074000743C1 /* Roboto-Bold.ttf */,
				A335CC8F1E8FE074000743C1 /* Roboto-BoldItalic.ttf */,
				A335CC901E8FE074000743C1 /* Roboto-Italic.ttf */,
				A335CC911E8FE074000743C1 /* Roboto-Light.ttf */,
				A335CC921E8FE074000743C1 /* Roboto-LightItalic.ttf */,
				A335CC931E8FE074000743C1 /* Roboto-Medium.ttf */,
				A335CC941E8FE074000743C1 /* Roboto-MediumItalic.ttf */,
				A335CC951E8FE074000743C1 /* Roboto-Regular.ttf */,
				A335CC961E8FE074000743C1 /* Roboto-Thin.ttf */,
				A335CC971E8FE074000743C1 /* Roboto-ThinItalic.ttf */,
				A335CC981E8FE074000743C1 /* RobotoCondensed-Bold.ttf */,
				A335CC991E8FE074000743C1 /* RobotoCondensed-BoldItalic.ttf */,
				A335CC9A1E8FE074000743C1 /* RobotoCondensed-Italic.ttf */,
				A335CC9B1E8FE074000743C1 /* RobotoCondensed-Light.ttf */,
				A335CC9C1E8FE074000743C1 /* RobotoCondensed-LightItalic.ttf */,
				A335CC9D1E8FE074000743C1 /* RobotoCondensed-Regular.ttf */,
			);
			path = roboto;
			sourceTree = "<group>";
		};
		A35BACC41E83CBB0004B9310 /* Models */ = {
			isa = PBXGroup;
			children = (
				A35BACC61E83CBD1004B9310 /* UserModel.swift */,
				A35BACC81E83E01A004B9310 /* ServerModel.swift */,
			);
			path = Models;
			sourceTree = "<group>";
		};
		A36A954C1E8412EB00BDE440 /* ViewControllers */ = {
			isa = PBXGroup;
			children = (
				A36A954D1E8412EB00BDE440 /* LoadingViewController.swift */,
				A36A954E1E8412EB00BDE440 /* LoginViewController.swift */,
				A36A954F1E8412EB00BDE440 /* ServersViewController.swift */,
			);
			path = ViewControllers;
			sourceTree = "<group>";
		};
		A36A957F1E841AF100BDE440 /* Utils */ = {
			isa = PBXGroup;
			children = (
				A36A95801E841AF100BDE440 /* iOSPartySession.swift */,
				A335CC871E8FD937000743C1 /* StyleExtensions.swift */,
				A335CCB11E9017DA000743C1 /* SpinnerLoaderView.swift */,
				A335CCB31E901CD3000743C1 /* CircularLoaderView.swift */,
				A335CCB51E9036B1000743C1 /* ServerTableViewCell.swift */,
			);
			path = Utils;
			sourceTree = "<group>";
		};
		A36A95821E841FDD00BDE440 /* Segues */ = {
			isa = PBXGroup;
			children = (
				A36A95831E84203E00BDE440 /* LoginToLoadingSegue.swift */,
			);
			path = Segues;
			sourceTree = "<group>";
		};
		A3D8A72D1E80B9B900EDDD04 = {
			isa = PBXGroup;
			children = (
				A35BACC11E835DFA004B9310 /* RNCryptor.framework */,
				A35BACBD1E835D92004B9310 /* Alamofire.framework */,
				A3D8A7381E80B9B900EDDD04 /* iOSParty */,
				A3D8A74D1E80B9BA00EDDD04 /* iOSPartyTests */,
				A3D8A7371E80B9B900EDDD04 /* Products */,
			);
			sourceTree = "<group>";
		};
		A3D8A7371E80B9B900EDDD04 /* Products */ = {
			isa = PBXGroup;
			children = (
				A3D8A7361E80B9B900EDDD04 /* iOSParty.app */,
				A3D8A74A1E80B9BA00EDDD04 /* iOSPartyTests.xctest */,
			);
			name = Products;
			sourceTree = "<group>";
		};
		A3D8A7381E80B9B900EDDD04 /* iOSParty */ = {
			isa = PBXGroup;
			children = (
				A335CC891E8FE045000743C1 /* Resources */,
				A36A95821E841FDD00BDE440 /* Segues */,
				A36A957F1E841AF100BDE440 /* Utils */,
				A36A954C1E8412EB00BDE440 /* ViewControllers */,
				A35BACC41E83CBB0004B9310 /* Models */,
				A3D8A7391E80B9B900EDDD04 /* AppDelegate.swift */,
				A3D8A73D1E80B9B900EDDD04 /* Main.storyboard */,
				A3D8A7401E80B9B900EDDD04 /* Assets.xcassets */,
				A3D8A7421E80B9B900EDDD04 /* LaunchScreen.storyboard */,
				A3D8A7451E80B9B900EDDD04 /* Info.plist */,
			);
			path = iOSParty;
			sourceTree = "<group>";
		};
		A3D8A74D1E80B9BA00EDDD04 /* iOSPartyTests */ = {
			isa = PBXGroup;
			children = (
				A3D8A74E1E80B9BA00EDDD04 /* iOSPartyTests.swift */,
				A3D8A7501E80B9BA00EDDD04 /* Info.plist */,
			);
			path = iOSPartyTests;
			sourceTree = "<group>";
		};
/* End PBXGroup section */

/* Begin PBXNativeTarget section */
		A3D8A7351E80B9B900EDDD04 /* iOSParty */ = {
			isa = PBXNativeTarget;
			buildConfigurationList = A3D8A7531E80B9BA00EDDD04 /* Build configuration list for PBXNativeTarget "iOSParty" */;
			buildPhases = (
				A3D8A7321E80B9B900EDDD04 /* Sources */,
				A3D8A7331E80B9B900EDDD04 /* Frameworks */,
				A3D8A7341E80B9B900EDDD04 /* Resources */,
				A35BACC01E835D93004B9310 /* Embed Frameworks */,
			);
			buildRules = (
			);
			dependencies = (
			);
			name = iOSParty;
			productName = iOSParty;
			productReference = A3D8A7361E80B9B900EDDD04 /* iOSParty.app */;
			productType = "com.apple.product-type.application";
		};
		A3D8A7491E80B9BA00EDDD04 /* iOSPartyTests */ = {
			isa = PBXNativeTarget;
			buildConfigurationList = A3D8A7561E80B9BA00EDDD04 /* Build configuration list for PBXNativeTarget "iOSPartyTests" */;
			buildPhases = (
				A3D8A7461E80B9BA00EDDD04 /* Sources */,
				A3D8A7471E80B9BA00EDDD04 /* Frameworks */,
				A3D8A7481E80B9BA00EDDD04 /* Resources */,
			);
			buildRules = (
			);
			dependencies = (
				A3D8A74C1E80B9BA00EDDD04 /* PBXTargetDependency */,
			);
			name = iOSPartyTests;
			productName = iOSPartyTests;
			productReference = A3D8A74A1E80B9BA00EDDD04 /* iOSPartyTests.xctest */;
			productType = "com.apple.product-type.bundle.unit-test";
		};
/* End PBXNativeTarget section */

/* Begin PBXProject section */
		A3D8A72E1E80B9B900EDDD04 /* Project object */ = {
			isa = PBXProject;
			attributes = {
				LastSwiftUpdateCheck = 0820;
				LastUpgradeCheck = 0820;
				ORGANIZATIONNAME = "Darius Miliauskas";
				TargetAttributes = {
					A3D8A7351E80B9B900EDDD04 = {
						CreatedOnToolsVersion = 8.2.1;
						ProvisioningStyle = Automatic;
					};
					A3D8A7491E80B9BA00EDDD04 = {
						CreatedOnToolsVersion = 8.2.1;
						ProvisioningStyle = Automatic;
						TestTargetID = A3D8A7351E80B9B900EDDD04;
					};
				};
			};
			buildConfigurationList = A3D8A7311E80B9B900EDDD04 /* Build configuration list for PBXProject "iOSParty" */;
			compatibilityVersion = "Xcode 3.2";
			developmentRegion = English;
			hasScannedForEncodings = 0;
			knownRegions = (
				en,
				Base,
			);
			mainGroup = A3D8A72D1E80B9B900EDDD04;
			productRefGroup = A3D8A7371E80B9B900EDDD04 /* Products */;
			projectDirPath = "";
			projectRoot = "";
			targets = (
				A3D8A7351E80B9B900EDDD04 /* iOSParty */,
				A3D8A7491E80B9BA00EDDD04 /* iOSPartyTests */,
			);
		};
/* End PBXProject section */

/* Begin PBXResourcesBuildPhase section */
		A3D8A7341E80B9B900EDDD04 /* Resources */ = {
			isa = PBXResourcesBuildPhase;
			buildActionMask = 2147483647;
			files = (
				A335CCA11E8FE074000743C1 /* Roboto-Bold.ttf in Resources */,
				A335CCA51E8FE074000743C1 /* Roboto-LightItalic.ttf in Resources */,
				A335CCAD1E8FE074000743C1 /* RobotoCondensed-Italic.ttf in Resources */,
				A335CCAC1E8FE074000743C1 /* RobotoCondensed-BoldItalic.ttf in Resources */,
				A335CCA71E8FE074000743C1 /* Roboto-MediumItalic.ttf in Resources */,
				A335CCA31E8FE074000743C1 /* Roboto-Italic.ttf in Resources */,
				A335CCA41E8FE074000743C1 /* Roboto-Light.ttf in Resources */,
				A3D8A7441E80B9B900EDDD04 /* LaunchScreen.storyboard in Resources */,
				A335CCA21E8FE074000743C1 /* Roboto-BoldItalic.ttf in Resources */,
				A335CCA01E8FE074000743C1 /* Roboto-BlackItalic.ttf in Resources */,
				A335CCA91E8FE074000743C1 /* Roboto-Thin.ttf in Resources */,
				A335CCA81E8FE074000743C1 /* Roboto-Regular.ttf in Resources */,
				A335CCAF1E8FE074000743C1 /* RobotoCondensed-LightItalic.ttf in Resources */,
				A335CC9E1E8FE074000743C1 /* Apache License.txt in Resources */,
				A335CCB01E8FE074000743C1 /* RobotoCondensed-Regular.ttf in Resources */,
				A335CCA61E8FE074000743C1 /* Roboto-Medium.ttf in Resources */,
				A335CCAE1E8FE074000743C1 /* RobotoCondensed-Light.ttf in Resources */,
				A335CCAA1E8FE074000743C1 /* Roboto-ThinItalic.ttf in Resources */,
				A335CCAB1E8FE074000743C1 /* RobotoCondensed-Bold.ttf in Resources */,
				A335CC9F1E8FE074000743C1 /* Roboto-Black.ttf in Resources */,
				A3D8A7411E80B9B900EDDD04 /* Assets.xcassets in Resources */,
				A3D8A73F1E80B9B900EDDD04 /* Main.storyboard in Resources */,
			);
			runOnlyForDeploymentPostprocessing = 0;
		};
		A3D8A7481E80B9BA00EDDD04 /* Resources */ = {
			isa = PBXResourcesBuildPhase;
			buildActionMask = 2147483647;
			files = (
			);
			runOnlyForDeploymentPostprocessing = 0;
		};
/* End PBXResourcesBuildPhase section */

/* Begin PBXSourcesBuildPhase section */
		A3D8A7321E80B9B900EDDD04 /* Sources */ = {
			isa = PBXSourcesBuildPhase;
			buildActionMask = 2147483647;
			files = (
				A36A95511E8412EB00BDE440 /* LoginViewController.swift in Sources */,
				A35BACC91E83E01A004B9310 /* ServerModel.swift in Sources */,
				A35BACC71E83CBD1004B9310 /* UserModel.swift in Sources */,
				A3D8A73A1E80B9B900EDDD04 /* AppDelegate.swift in Sources */,
				A335CC881E8FD937000743C1 /* StyleExtensions.swift in Sources */,
				A335CCB41E901CD3000743C1 /* CircularLoaderView.swift in Sources */,
				A335CCB21E9017DA000743C1 /* SpinnerLoaderView.swift in Sources */,
				A36A95521E8412EB00BDE440 /* ServersViewController.swift in Sources */,
				A36A95501E8412EB00BDE440 /* LoadingViewController.swift in Sources */,
				A36A95811E841AF100BDE440 /* iOSPartySession.swift in Sources */,
				A335CCB61E9036B1000743C1 /* ServerTableViewCell.swift in Sources */,
				A36A95841E84203E00BDE440 /* LoginToLoadingSegue.swift in Sources */,
			);
			runOnlyForDeploymentPostprocessing = 0;
		};
		A3D8A7461E80B9BA00EDDD04 /* Sources */ = {
			isa = PBXSourcesBuildPhase;
			buildActionMask = 2147483647;
			files = (
				A3D8A74F1E80B9BA00EDDD04 /* iOSPartyTests.swift in Sources */,
			);
			runOnlyForDeploymentPostprocessing = 0;
		};
/* End PBXSourcesBuildPhase section */

/* Begin PBXTargetDependency section */
		A3D8A74C1E80B9BA00EDDD04 /* PBXTargetDependency */ = {
			isa = PBXTargetDependency;
			target = A3D8A7351E80B9B900EDDD04 /* iOSParty */;
			targetProxy = A3D8A74B1E80B9BA00EDDD04 /* PBXContainerItemProxy */;
		};
/* End PBXTargetDependency section */

/* Begin PBXVariantGroup section */
		A3D8A73D1E80B9B900EDDD04 /* Main.storyboard */ = {
			isa = PBXVariantGroup;
			children = (
				A3D8A73E1E80B9B900EDDD04 /* Base */,
			);
			name = Main.storyboard;
			sourceTree = "<group>";
		};
		A3D8A7421E80B9B900EDDD04 /* LaunchScreen.storyboard */ = {
			isa = PBXVariantGroup;
			children = (
				A3D8A7431E80B9B900EDDD04 /* Base */,
			);
			name = LaunchScreen.storyboard;
			sourceTree = "<group>";
		};
/* End PBXVariantGroup section */

/* Begin XCBuildConfiguration section */
		A3D8A7511E80B9BA00EDDD04 /* Debug */ = {
			isa = XCBuildConfiguration;
			buildSettings = {
				ALWAYS_SEARCH_USER_PATHS = NO;
				CLANG_ANALYZER_NONNULL = YES;
				CLANG_CXX_LANGUAGE_STANDARD = "gnu++0x";
				CLANG_CXX_LIBRARY = "libc++";
				CLANG_ENABLE_MODULES = YES;
				CLANG_ENABLE_OBJC_ARC = YES;
				CLANG_WARN_BOOL_CONVERSION = YES;
				CLANG_WARN_CONSTANT_CONVERSION = YES;
				CLANG_WARN_DIRECT_OBJC_ISA_USAGE = YES_ERROR;
				CLANG_WARN_DOCUMENTATION_COMMENTS = YES;
				CLANG_WARN_EMPTY_BODY = YES;
				CLANG_WARN_ENUM_CONVERSION = YES;
				CLANG_WARN_INFINITE_RECURSION = YES;
				CLANG_WARN_INT_CONVERSION = YES;
				CLANG_WARN_OBJC_ROOT_CLASS = YES_ERROR;
				CLANG_WARN_SUSPICIOUS_MOVE = YES;
				CLANG_WARN_UNREACHABLE_CODE = YES;
				CLANG_WARN__DUPLICATE_METHOD_MATCH = YES;
				"CODE_SIGN_IDENTITY[sdk=iphoneos*]" = "iPhone Developer";
				COPY_PHASE_STRIP = NO;
				DEBUG_INFORMATION_FORMAT = dwarf;
				ENABLE_STRICT_OBJC_MSGSEND = YES;
				ENABLE_TESTABILITY = YES;
				GCC_C_LANGUAGE_STANDARD = gnu99;
				GCC_DYNAMIC_NO_PIC = NO;
				GCC_NO_COMMON_BLOCKS = YES;
				GCC_OPTIMIZATION_LEVEL = 0;
				GCC_PREPROCESSOR_DEFINITIONS = (
					"DEBUG=1",
					"$(inherited)",
				);
				GCC_WARN_64_TO_32_BIT_CONVERSION = YES;
				GCC_WARN_ABOUT_RETURN_TYPE = YES_ERROR;
				GCC_WARN_UNDECLARED_SELECTOR = YES;
				GCC_WARN_UNINITIALIZED_AUTOS = YES_AGGRESSIVE;
				GCC_WARN_UNUSED_FUNCTION = YES;
				GCC_WARN_UNUSED_VARIABLE = YES;
				IPHONEOS_DEPLOYMENT_TARGET = 10.2;
				MTL_ENABLE_DEBUG_INFO = YES;
				ONLY_ACTIVE_ARCH = YES;
				SDKROOT = iphoneos;
				SWIFT_ACTIVE_COMPILATION_CONDITIONS = DEBUG;
				SWIFT_OPTIMIZATION_LEVEL = "-Onone";
			};
			name = Debug;
		};
		A3D8A7521E80B9BA00EDDD04 /* Release */ = {
			isa = XCBuildConfiguration;
			buildSettings = {
				ALWAYS_SEARCH_USER_PATHS = NO;
				CLANG_ANALYZER_NONNULL = YES;
				CLANG_CXX_LANGUAGE_STANDARD = "gnu++0x";
				CLANG_CXX_LIBRARY = "libc++";
				CLANG_ENABLE_MODULES = YES;
				CLANG_ENABLE_OBJC_ARC = YES;
				CLANG_WARN_BOOL_CONVERSION = YES;
				CLANG_WARN_CONSTANT_CONVERSION = YES;
				CLANG_WARN_DIRECT_OBJC_ISA_USAGE = YES_ERROR;
				CLANG_WARN_DOCUMENTATION_COMMENTS = YES;
				CLANG_WARN_EMPTY_BODY = YES;
				CLANG_WARN_ENUM_CONVERSION = YES;
				CLANG_WARN_INFINITE_RECURSION = YES;
				CLANG_WARN_INT_CONVERSION = YES;
				CLANG_WARN_OBJC_ROOT_CLASS = YES_ERROR;
				CLANG_WARN_SUSPICIOUS_MOVE = YES;
				CLANG_WARN_UNREACHABLE_CODE = YES;
				CLANG_WARN__DUPLICATE_METHOD_MATCH = YES;
				"CODE_SIGN_IDENTITY[sdk=iphoneos*]" = "iPhone Developer";
				COPY_PHASE_STRIP = NO;
				DEBUG_INFORMATION_FORMAT = "dwarf-with-dsym";
				ENABLE_NS_ASSERTIONS = NO;
				ENABLE_STRICT_OBJC_MSGSEND = YES;
				GCC_C_LANGUAGE_STANDARD = gnu99;
				GCC_NO_COMMON_BLOCKS = YES;
				GCC_WARN_64_TO_32_BIT_CONVERSION = YES;
				GCC_WARN_ABOUT_RETURN_TYPE = YES_ERROR;
				GCC_WARN_UNDECLARED_SELECTOR = YES;
				GCC_WARN_UNINITIALIZED_AUTOS = YES_AGGRESSIVE;
				GCC_WARN_UNUSED_FUNCTION = YES;
				GCC_WARN_UNUSED_VARIABLE = YES;
				IPHONEOS_DEPLOYMENT_TARGET = 10.2;
				MTL_ENABLE_DEBUG_INFO = NO;
				SDKROOT = iphoneos;
				SWIFT_OPTIMIZATION_LEVEL = "-Owholemodule";
				VALIDATE_PRODUCT = YES;
			};
			name = Release;
		};
		A3D8A7541E80B9BA00EDDD04 /* Debug */ = {
			isa = XCBuildConfiguration;
			buildSettings = {
				ASSETCATALOG_COMPILER_APPICON_NAME = AppIcon;
				FRAMEWORK_SEARCH_PATHS = (
					"$(inherited)",
					"$(PROJECT_DIR)/Carthage/Build/iOS",
					"$(PROJECT_DIR)/Frameworks",
				);
				INFOPLIST_FILE = iOSParty/Info.plist;
				LD_RUNPATH_SEARCH_PATHS = "$(inherited) @executable_path/Frameworks";
				PRODUCT_BUNDLE_IDENTIFIER = com.dariukas.iOSParty;
				PRODUCT_NAME = "$(TARGET_NAME)";
				SWIFT_VERSION = 3.0;
			};
			name = Debug;
		};
		A3D8A7551E80B9BA00EDDD04 /* Release */ = {
			isa = XCBuildConfiguration;
			buildSettings = {
				ASSETCATALOG_COMPILER_APPICON_NAME = AppIcon;
				FRAMEWORK_SEARCH_PATHS = (
					"$(inherited)",
					"$(PROJECT_DIR)/Carthage/Build/iOS",
					"$(PROJECT_DIR)/Frameworks",
				);
				INFOPLIST_FILE = iOSParty/Info.plist;
				LD_RUNPATH_SEARCH_PATHS = "$(inherited) @executable_path/Frameworks";
				PRODUCT_BUNDLE_IDENTIFIER = com.dariukas.iOSParty;
				PRODUCT_NAME = "$(TARGET_NAME)";
				SWIFT_VERSION = 3.0;
			};
			name = Release;
		};
		A3D8A7571E80B9BA00EDDD04 /* Debug */ = {
			isa = XCBuildConfiguration;
			buildSettings = {
				ALWAYS_EMBED_SWIFT_STANDARD_LIBRARIES = YES;
				BUNDLE_LOADER = "$(TEST_HOST)";
				INFOPLIST_FILE = iOSPartyTests/Info.plist;
				LD_RUNPATH_SEARCH_PATHS = "$(inherited) @executable_path/Frameworks @loader_path/Frameworks";
				PRODUCT_BUNDLE_IDENTIFIER = com.dariukas.iOSPartyTests;
				PRODUCT_NAME = "$(TARGET_NAME)";
				SWIFT_VERSION = 3.0;
				TEST_HOST = "$(BUILT_PRODUCTS_DIR)/iOSParty.app/iOSParty";
			};
			name = Debug;
		};
		A3D8A7581E80B9BA00EDDD04 /* Release */ = {
			isa = XCBuildConfiguration;
			buildSettings = {
				ALWAYS_EMBED_SWIFT_STANDARD_LIBRARIES = YES;
				BUNDLE_LOADER = "$(TEST_HOST)";
				INFOPLIST_FILE = iOSPartyTests/Info.plist;
				LD_RUNPATH_SEARCH_PATHS = "$(inherited) @executable_path/Frameworks @loader_path/Frameworks";
				PRODUCT_BUNDLE_IDENTIFIER = com.dariukas.iOSPartyTests;
				PRODUCT_NAME = "$(TARGET_NAME)";
				SWIFT_VERSION = 3.0;
				TEST_HOST = "$(BUILT_PRODUCTS_DIR)/iOSParty.app/iOSParty";
			};
			name = Release;
		};
/* End XCBuildConfiguration section */

/* Begin XCConfigurationList section */
		A3D8A7311E80B9B900EDDD04 /* Build configuration list for PBXProject "iOSParty" */ = {
			isa = XCConfigurationList;
			buildConfigurations = (
				A3D8A7511E80B9BA00EDDD04 /* Debug */,
				A3D8A7521E80B9BA00EDDD04 /* Release */,
			);
			defaultConfigurationIsVisible = 0;
			defaultConfigurationName = Release;
		};
		A3D8A7531E80B9BA00EDDD04 /* Build configuration list for PBXNativeTarget "iOSParty" */ = {
			isa = XCConfigurationList;
			buildConfigurations = (
				A3D8A7541E80B9BA00EDDD04 /* Debug */,
				A3D8A7551E80B9BA00EDDD04 /* Release */,
			);
			defaultConfigurationIsVisible = 0;
			defaultConfigurationName = Release;
		};
		A3D8A7561E80B9BA00EDDD04 /* Build configuration list for PBXNativeTarget "iOSPartyTests" */ = {
			isa = XCConfigurationList;
			buildConfigurations = (
				A3D8A7571E80B9BA00EDDD04 /* Debug */,
				A3D8A7581E80B9BA00EDDD04 /* Release */,
			);
			defaultConfigurationIsVisible = 0;
			defaultConfigurationName = Release;
		};
/* End XCConfigurationList section */
	};
	rootObject = A3D8A72E1E80B9B900EDDD04 /* Project object */;
}
